
Microsoft Visual Studio Solution File, Format Version 12.00
# Visual Studio 15
VisualStudioVersion = 15.0.28307.757
MinimumVisualStudioVersion = 10.0.40219.1
Project("{FAE04EC0-301F-11D3-BF4B-00C04F79EFBC}") = "Our.Umbraco.Look.AzureSearch.Tests", "Our.Umbraco.Look.AzureSearch.Tests\Our.Umbraco.Look.AzureSearch.Tests.csproj", "{6696C5D6-0120-4699-B85F-084DFB0DD6D1}"
EndProject
Project("{FAE04EC0-301F-11D3-BF4B-00C04F79EFBC}") = "Our.Umbraco.Look.AzureSearch", "Our.Umbraco.Look.AzureSearch\Our.Umbraco.Look.AzureSearch.csproj", "{0DDEC5FD-4922-4C0C-85C2-7EE4B2944EAF}"
EndProject
Project("{2150E333-8FDC-42A3-9474-1A3956D46DE8}") = "Solution Items", "Solution Items", "{0EFE6DCB-0CF7-48D9-8C66-A931661D037D}"
	ProjectSection(SolutionItems) = preProject
		..\README.md = ..\README.md
	EndProjectSection
EndProject
Project("{2150E333-8FDC-42A3-9474-1A3956D46DE8}") = "build", "build", "{81889195-FF32-4D15-869C-ECFD810A7A6C}"
EndProject
Global
	GlobalSection(SolutionConfigurationPlatforms) = preSolution
		Debug|Any CPU = Debug|Any CPU
		Release|Any CPU = Release|Any CPU
	EndGlobalSection
	GlobalSection(ProjectConfigurationPlatforms) = postSolution
		{6696C5D6-0120-4699-B85F-084DFB0DD6D1}.Debug|Any CPU.ActiveCfg = Debug|Any CPU
		{6696C5D6-0120-4699-B85F-084DFB0DD6D1}.Debug|Any CPU.Build.0 = Debug|Any CPU
		{6696C5D6-0120-4699-B85F-084DFB0DD6D1}.Release|Any CPU.ActiveCfg = Release|Any CPU
		{6696C5D6-0120-4699-B85F-084DFB0DD6D1}.Release|Any CPU.Build.0 = Release|Any CPU
		{0DDEC5FD-4922-4C0C-85C2-7EE4B2944EAF}.Debug|Any CPU.ActiveCfg = Debug|Any CPU
		{0DDEC5FD-4922-4C0C-85C2-7EE4B2944EAF}.Debug|Any CPU.Build.0 = Debug|Any CPU
		{0DDEC5FD-4922-4C0C-85C2-7EE4B2944EAF}.Release|Any CPU.ActiveCfg = Release|Any CPU
		{0DDEC5FD-4922-4C0C-85C2-7EE4B2944EAF}.Release|Any CPU.Build.0 = Release|Any CPU
	EndGlobalSection
	GlobalSection(SolutionProperties) = preSolution
		HideSolutionNode = FALSE
	EndGlobalSection
	GlobalSection(NestedProjects) = preSolution
		{81889195-FF32-4D15-869C-ECFD810A7A6C} = {0EFE6DCB-0CF7-48D9-8C66-A931661D037D}
	EndGlobalSection
	GlobalSection(ExtensibilityGlobals) = postSolution
		SolutionGuid = {C92F811A-2EE3-4B92-9D5F-0A55F33F7B63}
	EndGlobalSection
EndGlobal
